
Microsoft Visual Studio Solution File, Format Version 12.00
# Visual Studio Version 17
VisualStudioVersion = 17.11.34909.67
MinimumVisualStudioVersion = 10.0.40219.1
Project("{FAE04EC0-301F-11D3-BF4B-00C04F79EFBC}") = "MojePszczoly", "MojePszczoly\MojePszczoly.csproj", "{0999A396-1147-4A3F-BDC3-1F5E4D39CABF}"
EndProject
Global
	GlobalSection(SolutionConfigurationPlatforms) = preSolution
		Debug|Any CPU = Debug|Any CPU
		Release|Any CPU = Release|Any CPU
	EndGlobalSection
	GlobalSection(ProjectConfigurationPlatforms) = postSolution
		{0999A396-1147-4A3F-BDC3-1F5E4D39CABF}.Debug|Any CPU.ActiveCfg = Debug|Any CPU
		{0999A396-1147-4A3F-BDC3-1F5E4D39CABF}.Debug|Any CPU.Build.0 = Debug|Any CPU
		{0999A396-1147-4A3F-BDC3-1F5E4D39CABF}.Release|Any CPU.ActiveCfg = Release|Any CPU
		{0999A396-1147-4A3F-BDC3-1F5E4D39CABF}.Release|Any CPU.Build.0 = Release|Any CPU
	EndGlobalSection
	GlobalSection(SolutionProperties) = preSolution
		HideSolutionNode = FALSE
	EndGlobalSection
	GlobalSection(ExtensibilityGlobals) = postSolution
		SolutionGuid = {7F349A31-52AA-48E8-AA6D-BB00ACB42BE2}
	EndGlobalSection
EndGlobal
